
Microsoft Visual Studio Solution File, Format Version 12.00
# Visual Studio Version 17
VisualStudioVersion = 17.10.34916.146
MinimumVisualStudioVersion = 10.0.40219.1
Project("{FAE04EC0-301F-11D3-BF4B-00C04F79EFBC}") = "TgBotCheker", "TgBotCheker.csproj", "{2758779E-EEC3-4417-A031-5C65364EFD6C}"
EndProject
Global
	GlobalSection(SolutionConfigurationPlatforms) = preSolution
		Debug|Any CPU = Debug|Any CPU
		Release|Any CPU = Release|Any CPU
	EndGlobalSection
	GlobalSection(ProjectConfigurationPlatforms) = postSolution
		{2758779E-EEC3-4417-A031-5C65364EFD6C}.Debug|Any CPU.ActiveCfg = Debug|Any CPU
		{2758779E-EEC3-4417-A031-5C65364EFD6C}.Debug|Any CPU.Build.0 = Debug|Any CPU
		{2758779E-EEC3-4417-A031-5C65364EFD6C}.Release|Any CPU.ActiveCfg = Release|Any CPU
		{2758779E-EEC3-4417-A031-5C65364EFD6C}.Release|Any CPU.Build.0 = Release|Any CPU
	EndGlobalSection
	GlobalSection(SolutionProperties) = preSolution
		HideSolutionNode = FALSE
	EndGlobalSection
	GlobalSection(ExtensibilityGlobals) = postSolution
		SolutionGuid = {B184B898-FA1D-4745-BF23-3945AE54E067}
	EndGlobalSection
EndGlobal
